
Microsoft Visual Studio Solution File, Format Version 12.00
# Visual Studio 2013
VisualStudioVersion = 12.0.30501.0
MinimumVisualStudioVersion = 10.0.40219.1
Project("{FAE04EC0-301F-11D3-BF4B-00C04F79EFBC}") = "DNC.NewsReader.WinPhone", "DNC.NewsReader\DNC.NewsReader.WinPhone\DNC.NewsReader.WinPhone.csproj", "{C92031F8-1921-4BF1-A09F-F676DFFDFA14}"
EndProject
Project("{FAE04EC0-301F-11D3-BF4B-00C04F79EFBC}") = "DNC.NewsReader.iOS", "DNC.NewsReader\DNC.NewsReader.iOS\DNC.NewsReader.iOS.csproj", "{CA25EC98-2970-4FE5-AE63-FFAD2BE0CEE9}"
EndProject
Project("{FAE04EC0-301F-11D3-BF4B-00C04F79EFBC}") = "DNC.NewsReader.Android", "DNC.NewsReader\DNC.NewsReader.Android\DNC.NewsReader.Android.csproj", "{3FEFF185-4651-41C1-8930-00575C500C61}"
EndProject
Project("{D954291E-2A0B-460D-934E-DC6B0785DB48}") = "DNC.NewsReader", "DNC.NewsReader\DNC.NewsReader\DNC.NewsReader.shproj", "{627D9687-A2E0-466A-9511-235D25417BC7}"
EndProject
Project("{FAE04EC0-301F-11D3-BF4B-00C04F79EFBC}") = "Shared", "Shared\Shared.csproj", "{9762395D-4C11-4B01-AD60-A569D9712ACB}"
EndProject
Global
	GlobalSection(SharedMSBuildProjectFiles) = preSolution
		DNC.NewsReader\DNC.NewsReader\DNC.NewsReader.projitems*{627d9687-a2e0-466a-9511-235d25417bc7}*SharedItemsImports = 13
	EndGlobalSection
	GlobalSection(SolutionConfigurationPlatforms) = preSolution
		Ad-Hoc|Any CPU = Ad-Hoc|Any CPU
		Ad-Hoc|ARM = Ad-Hoc|ARM
		Ad-Hoc|iPhone = Ad-Hoc|iPhone
		Ad-Hoc|iPhoneSimulator = Ad-Hoc|iPhoneSimulator
		Ad-Hoc|Mixed Platforms = Ad-Hoc|Mixed Platforms
		Ad-Hoc|x86 = Ad-Hoc|x86
		AppStore|Any CPU = AppStore|Any CPU
		AppStore|ARM = AppStore|ARM
		AppStore|iPhone = AppStore|iPhone
		AppStore|iPhoneSimulator = AppStore|iPhoneSimulator
		AppStore|Mixed Platforms = AppStore|Mixed Platforms
		AppStore|x86 = AppStore|x86
		Debug|Any CPU = Debug|Any CPU
		Debug|ARM = Debug|ARM
		Debug|iPhone = Debug|iPhone
		Debug|iPhoneSimulator = Debug|iPhoneSimulator
		Debug|Mixed Platforms = Debug|Mixed Platforms
		Debug|x86 = Debug|x86
		Release|Any CPU = Release|Any CPU
		Release|ARM = Release|ARM
		Release|iPhone = Release|iPhone
		Release|iPhoneSimulator = Release|iPhoneSimulator
		Release|Mixed Platforms = Release|Mixed Platforms
		Release|x86 = Release|x86
	EndGlobalSection
	GlobalSection(ProjectConfigurationPlatforms) = postSolution
		{C92031F8-1921-4BF1-A09F-F676DFFDFA14}.Ad-Hoc|Any CPU.ActiveCfg = Release|Any CPU
		{C92031F8-1921-4BF1-A09F-F676DFFDFA14}.Ad-Hoc|Any CPU.Build.0 = Release|Any CPU
		{C92031F8-1921-4BF1-A09F-F676DFFDFA14}.Ad-Hoc|Any CPU.Deploy.0 = Release|Any CPU
		{C92031F8-1921-4BF1-A09F-F676DFFDFA14}.Ad-Hoc|ARM.ActiveCfg = Release|ARM
		{C92031F8-1921-4BF1-A09F-F676DFFDFA14}.Ad-Hoc|ARM.Build.0 = Release|ARM
		{C92031F8-1921-4BF1-A09F-F676DFFDFA14}.Ad-Hoc|ARM.Deploy.0 = Release|ARM
		{C92031F8-1921-4BF1-A09F-F676DFFDFA14}.Ad-Hoc|iPhone.ActiveCfg = Release|Any CPU
		{C92031F8-1921-4BF1-A09F-F676DFFDFA14}.Ad-Hoc|iPhoneSimulator.ActiveCfg = Release|Any CPU
		{C92031F8-1921-4BF1-A09F-F676DFFDFA14}.Ad-Hoc|Mixed Platforms.ActiveCfg = Release|x86
		{C92031F8-1921-4BF1-A09F-F676DFFDFA14}.Ad-Hoc|Mixed Platforms.Build.0 = Release|x86
		{C92031F8-1921-4BF1-A09F-F676DFFDFA14}.Ad-Hoc|Mixed Platforms.Deploy.0 = Release|x86
		{C92031F8-1921-4BF1-A09F-F676DFFDFA14}.Ad-Hoc|x86.ActiveCfg = Release|x86
		{C92031F8-1921-4BF1-A09F-F676DFFDFA14}.Ad-Hoc|x86.Build.0 = Release|x86
		{C92031F8-1921-4BF1-A09F-F676DFFDFA14}.Ad-Hoc|x86.Deploy.0 = Release|x86
		{C92031F8-1921-4BF1-A09F-F676DFFDFA14}.AppStore|Any CPU.ActiveCfg = Release|Any CPU
		{C92031F8-1921-4BF1-A09F-F676DFFDFA14}.AppStore|Any CPU.Build.0 = Release|Any CPU
		{C92031F8-1921-4BF1-A09F-F676DFFDFA14}.AppStore|Any CPU.Deploy.0 = Release|Any CPU
		{C92031F8-1921-4BF1-A09F-F676DFFDFA14}.AppStore|ARM.ActiveCfg = Release|ARM
		{C92031F8-1921-4BF1-A09F-F676DFFDFA14}.AppStore|ARM.Build.0 = Release|ARM
		{C92031F8-1921-4BF1-A09F-F676DFFDFA14}.AppStore|ARM.Deploy.0 = Release|ARM
		{C92031F8-1921-4BF1-A09F-F676DFFDFA14}.AppStore|iPhone.ActiveCfg = Release|Any CPU
		{C92031F8-1921-4BF1-A09F-F676DFFDFA14}.AppStore|iPhoneSimulator.ActiveCfg = Release|Any CPU
		{C92031F8-1921-4BF1-A09F-F676DFFDFA14}.AppStore|Mixed Platforms.ActiveCfg = Release|x86
		{C92031F8-1921-4BF1-A09F-F676DFFDFA14}.AppStore|Mixed Platforms.Build.0 = Release|x86
		{C92031F8-1921-4BF1-A09F-F676DFFDFA14}.AppStore|Mixed Platforms.Deploy.0 = Release|x86
		{C92031F8-1921-4BF1-A09F-F676DFFDFA14}.AppStore|x86.ActiveCfg = Release|x86
		{C92031F8-1921-4BF1-A09F-F676DFFDFA14}.AppStore|x86.Build.0 = Release|x86
		{C92031F8-1921-4BF1-A09F-F676DFFDFA14}.AppStore|x86.Deploy.0 = Release|x86
		{C92031F8-1921-4BF1-A09F-F676DFFDFA14}.Debug|Any CPU.ActiveCfg = Debug|Any CPU
		{C92031F8-1921-4BF1-A09F-F676DFFDFA14}.Debug|Any CPU.Build.0 = Debug|Any CPU
		{C92031F8-1921-4BF1-A09F-F676DFFDFA14}.Debug|Any CPU.Deploy.0 = Debug|Any CPU
		{C92031F8-1921-4BF1-A09F-F676DFFDFA14}.Debug|ARM.ActiveCfg = Debug|ARM
		{C92031F8-1921-4BF1-A09F-F676DFFDFA14}.Debug|ARM.Build.0 = Debug|ARM
		{C92031F8-1921-4BF1-A09F-F676DFFDFA14}.Debug|ARM.Deploy.0 = Debug|ARM
		{C92031F8-1921-4BF1-A09F-F676DFFDFA14}.Debug|iPhone.ActiveCfg = Debug|Any CPU
		{C92031F8-1921-4BF1-A09F-F676DFFDFA14}.Debug|iPhoneSimulator.ActiveCfg = Debug|Any CPU
		{C92031F8-1921-4BF1-A09F-F676DFFDFA14}.Debug|Mixed Platforms.ActiveCfg = Debug|x86
		{C92031F8-1921-4BF1-A09F-F676DFFDFA14}.Debug|Mixed Platforms.Build.0 = Debug|x86
		{C92031F8-1921-4BF1-A09F-F676DFFDFA14}.Debug|Mixed Platforms.Deploy.0 = Debug|x86
		{C92031F8-1921-4BF1-A09F-F676DFFDFA14}.Debug|x86.ActiveCfg = Debug|x86
		{C92031F8-1921-4BF1-A09F-F676DFFDFA14}.Debug|x86.Build.0 = Debug|x86
		{C92031F8-1921-4BF1-A09F-F676DFFDFA14}.Debug|x86.Deploy.0 = Debug|x86
		{C92031F8-1921-4BF1-A09F-F676DFFDFA14}.Release|Any CPU.ActiveCfg = Release|Any CPU
		{C92031F8-1921-4BF1-A09F-F676DFFDFA14}.Release|Any CPU.Build.0 = Release|Any CPU
		{C92031F8-1921-4BF1-A09F-F676DFFDFA14}.Release|Any CPU.Deploy.0 = Release|Any CPU
		{C92031F8-1921-4BF1-A09F-F676DFFDFA14}.Release|ARM.ActiveCfg = Release|ARM
		{C92031F8-1921-4BF1-A09F-F676DFFDFA14}.Release|ARM.Build.0 = Release|ARM
		{C92031F8-1921-4BF1-A09F-F676DFFDFA14}.Release|ARM.Deploy.0 = Release|ARM
		{C92031F8-1921-4BF1-A09F-F676DFFDFA14}.Release|iPhone.ActiveCfg = Release|Any CPU
		{C92031F8-1921-4BF1-A09F-F676DFFDFA14}.Release|iPhoneSimulator.ActiveCfg = Release|Any CPU
		{C92031F8-1921-4BF1-A09F-F676DFFDFA14}.Release|Mixed Platforms.ActiveCfg = Release|x86
		{C92031F8-1921-4BF1-A09F-F676DFFDFA14}.Release|Mixed Platforms.Build.0 = Release|x86
		{C92031F8-1921-4BF1-A09F-F676DFFDFA14}.Release|Mixed Platforms.Deploy.0 = Release|x86
		{C92031F8-1921-4BF1-A09F-F676DFFDFA14}.Release|x86.ActiveCfg = Release|x86
		{C92031F8-1921-4BF1-A09F-F676DFFDFA14}.Release|x86.Build.0 = Release|x86
		{C92031F8-1921-4BF1-A09F-F676DFFDFA14}.Release|x86.Deploy.0 = Release|x86
		{CA25EC98-2970-4FE5-AE63-FFAD2BE0CEE9}.Ad-Hoc|Any CPU.ActiveCfg = Ad-Hoc|iPhone
		{CA25EC98-2970-4FE5-AE63-FFAD2BE0CEE9}.Ad-Hoc|ARM.ActiveCfg = Ad-Hoc|iPhone
		{CA25EC98-2970-4FE5-AE63-FFAD2BE0CEE9}.Ad-Hoc|iPhone.ActiveCfg = Ad-Hoc|iPhone
		{CA25EC98-2970-4FE5-AE63-FFAD2BE0CEE9}.Ad-Hoc|iPhone.Build.0 = Ad-Hoc|iPhone
		{CA25EC98-2970-4FE5-AE63-FFAD2BE0CEE9}.Ad-Hoc|iPhone.Deploy.0 = Ad-Hoc|iPhone
		{CA25EC98-2970-4FE5-AE63-FFAD2BE0CEE9}.Ad-Hoc|iPhoneSimulator.ActiveCfg = Ad-Hoc|iPhoneSimulator
		{CA25EC98-2970-4FE5-AE63-FFAD2BE0CEE9}.Ad-Hoc|iPhoneSimulator.Build.0 = Ad-Hoc|iPhoneSimulator
		{CA25EC98-2970-4FE5-AE63-FFAD2BE0CEE9}.Ad-Hoc|iPhoneSimulator.Deploy.0 = Ad-Hoc|iPhoneSimulator
		{CA25EC98-2970-4FE5-AE63-FFAD2BE0CEE9}.Ad-Hoc|Mixed Platforms.ActiveCfg = Ad-Hoc|iPhone
		{CA25EC98-2970-4FE5-AE63-FFAD2BE0CEE9}.Ad-Hoc|Mixed Platforms.Build.0 = Ad-Hoc|iPhone
		{CA25EC98-2970-4FE5-AE63-FFAD2BE0CEE9}.Ad-Hoc|Mixed Platforms.Deploy.0 = Ad-Hoc|iPhone
		{CA25EC98-2970-4FE5-AE63-FFAD2BE0CEE9}.Ad-Hoc|x86.ActiveCfg = Ad-Hoc|iPhone
		{CA25EC98-2970-4FE5-AE63-FFAD2BE0CEE9}.AppStore|Any CPU.ActiveCfg = AppStore|iPhone
		{CA25EC98-2970-4FE5-AE63-FFAD2BE0CEE9}.AppStore|ARM.ActiveCfg = AppStore|iPhone
		{CA25EC98-2970-4FE5-AE63-FFAD2BE0CEE9}.AppStore|iPhone.ActiveCfg = AppStore|iPhone
		{CA25EC98-2970-4FE5-AE63-FFAD2BE0CEE9}.AppStore|iPhone.Build.0 = AppStore|iPhone
		{CA25EC98-2970-4FE5-AE63-FFAD2BE0CEE9}.AppStore|iPhone.Deploy.0 = AppStore|iPhone
		{CA25EC98-2970-4FE5-AE63-FFAD2BE0CEE9}.AppStore|iPhoneSimulator.ActiveCfg = AppStore|iPhoneSimulator
		{CA25EC98-2970-4FE5-AE63-FFAD2BE0CEE9}.AppStore|iPhoneSimulator.Build.0 = AppStore|iPhoneSimulator
		{CA25EC98-2970-4FE5-AE63-FFAD2BE0CEE9}.AppStore|iPhoneSimulator.Deploy.0 = AppStore|iPhoneSimulator
		{CA25EC98-2970-4FE5-AE63-FFAD2BE0CEE9}.AppStore|Mixed Platforms.ActiveCfg = AppStore|iPhone
		{CA25EC98-2970-4FE5-AE63-FFAD2BE0CEE9}.AppStore|Mixed Platforms.Build.0 = AppStore|iPhone
		{CA25EC98-2970-4FE5-AE63-FFAD2BE0CEE9}.AppStore|Mixed Platforms.Deploy.0 = AppStore|iPhone
		{CA25EC98-2970-4FE5-AE63-FFAD2BE0CEE9}.AppStore|x86.ActiveCfg = AppStore|iPhone
		{CA25EC98-2970-4FE5-AE63-FFAD2BE0CEE9}.Debug|Any CPU.ActiveCfg = Debug|iPhone
		{CA25EC98-2970-4FE5-AE63-FFAD2BE0CEE9}.Debug|ARM.ActiveCfg = Debug|iPhone
		{CA25EC98-2970-4FE5-AE63-FFAD2BE0CEE9}.Debug|iPhone.ActiveCfg = Debug|iPhone
		{CA25EC98-2970-4FE5-AE63-FFAD2BE0CEE9}.Debug|iPhone.Build.0 = Debug|iPhone
		{CA25EC98-2970-4FE5-AE63-FFAD2BE0CEE9}.Debug|iPhone.Deploy.0 = Debug|iPhone
		{CA25EC98-2970-4FE5-AE63-FFAD2BE0CEE9}.Debug|iPhoneSimulator.ActiveCfg = Debug|iPhoneSimulator
		{CA25EC98-2970-4FE5-AE63-FFAD2BE0CEE9}.Debug|iPhoneSimulator.Build.0 = Debug|iPhoneSimulator
		{CA25EC98-2970-4FE5-AE63-FFAD2BE0CEE9}.Debug|iPhoneSimulator.Deploy.0 = Debug|iPhoneSimulator
		{CA25EC98-2970-4FE5-AE63-FFAD2BE0CEE9}.Debug|Mixed Platforms.ActiveCfg = Debug|iPhone
		{CA25EC98-2970-4FE5-AE63-FFAD2BE0CEE9}.Debug|Mixed Platforms.Build.0 = Debug|iPhone
		{CA25EC98-2970-4FE5-AE63-FFAD2BE0CEE9}.Debug|Mixed Platforms.Deploy.0 = Debug|iPhone
		{CA25EC98-2970-4FE5-AE63-FFAD2BE0CEE9}.Debug|x86.ActiveCfg = Debug|iPhone
		{CA25EC98-2970-4FE5-AE63-FFAD2BE0CEE9}.Release|Any CPU.ActiveCfg = Release|iPhone
		{CA25EC98-2970-4FE5-AE63-FFAD2BE0CEE9}.Release|ARM.ActiveCfg = Release|iPhone
		{CA25EC98-2970-4FE5-AE63-FFAD2BE0CEE9}.Release|iPhone.ActiveCfg = Release|iPhone
		{CA25EC98-2970-4FE5-AE63-FFAD2BE0CEE9}.Release|iPhone.Build.0 = Release|iPhone
		{CA25EC98-2970-4FE5-AE63-FFAD2BE0CEE9}.Release|iPhone.Deploy.0 = Release|iPhone
		{CA25EC98-2970-4FE5-AE63-FFAD2BE0CEE9}.Release|iPhoneSimulator.ActiveCfg = Release|iPhoneSimulator
		{CA25EC98-2970-4FE5-AE63-FFAD2BE0CEE9}.Release|iPhoneSimulator.Build.0 = Release|iPhoneSimulator
		{CA25EC98-2970-4FE5-AE63-FFAD2BE0CEE9}.Release|iPhoneSimulator.Deploy.0 = Release|iPhoneSimulator
		{CA25EC98-2970-4FE5-AE63-FFAD2BE0CEE9}.Release|Mixed Platforms.ActiveCfg = Release|iPhone
		{CA25EC98-2970-4FE5-AE63-FFAD2BE0CEE9}.Release|Mixed Platforms.Build.0 = Release|iPhone
		{CA25EC98-2970-4FE5-AE63-FFAD2BE0CEE9}.Release|Mixed Platforms.Deploy.0 = Release|iPhone
		{CA25EC98-2970-4FE5-AE63-FFAD2BE0CEE9}.Release|x86.ActiveCfg = Release|iPhone
		{3FEFF185-4651-41C1-8930-00575C500C61}.Ad-Hoc|Any CPU.ActiveCfg = Release|Any CPU
		{3FEFF185-4651-41C1-8930-00575C500C61}.Ad-Hoc|Any CPU.Build.0 = Release|Any CPU
		{3FEFF185-4651-41C1-8930-00575C500C61}.Ad-Hoc|Any CPU.Deploy.0 = Release|Any CPU
		{3FEFF185-4651-41C1-8930-00575C500C61}.Ad-Hoc|ARM.ActiveCfg = Release|Any CPU
		{3FEFF185-4651-41C1-8930-00575C500C61}.Ad-Hoc|iPhone.ActiveCfg = Release|Any CPU
		{3FEFF185-4651-41C1-8930-00575C500C61}.Ad-Hoc|iPhoneSimulator.ActiveCfg = Release|Any CPU
		{3FEFF185-4651-41C1-8930-00575C500C61}.Ad-Hoc|Mixed Platforms.ActiveCfg = Release|Any CPU
		{3FEFF185-4651-41C1-8930-00575C500C61}.Ad-Hoc|Mixed Platforms.Build.0 = Release|Any CPU
		{3FEFF185-4651-41C1-8930-00575C500C61}.Ad-Hoc|Mixed Platforms.Deploy.0 = Release|Any CPU
		{3FEFF185-4651-41C1-8930-00575C500C61}.Ad-Hoc|x86.ActiveCfg = Release|Any CPU
		{3FEFF185-4651-41C1-8930-00575C500C61}.AppStore|Any CPU.ActiveCfg = Release|Any CPU
		{3FEFF185-4651-41C1-8930-00575C500C61}.AppStore|Any CPU.Build.0 = Release|Any CPU
		{3FEFF185-4651-41C1-8930-00575C500C61}.AppStore|Any CPU.Deploy.0 = Release|Any CPU
		{3FEFF185-4651-41C1-8930-00575C500C61}.AppStore|ARM.ActiveCfg = Release|Any CPU
		{3FEFF185-4651-41C1-8930-00575C500C61}.AppStore|iPhone.ActiveCfg = Release|Any CPU
		{3FEFF185-4651-41C1-8930-00575C500C61}.AppStore|iPhoneSimulator.ActiveCfg = Release|Any CPU
		{3FEFF185-4651-41C1-8930-00575C500C61}.AppStore|Mixed Platforms.ActiveCfg = Release|Any CPU
		{3FEFF185-4651-41C1-8930-00575C500C61}.AppStore|Mixed Platforms.Build.0 = Release|Any CPU
		{3FEFF185-4651-41C1-8930-00575C500C61}.AppStore|Mixed Platforms.Deploy.0 = Release|Any CPU
		{3FEFF185-4651-41C1-8930-00575C500C61}.AppStore|x86.ActiveCfg = Release|Any CPU
		{3FEFF185-4651-41C1-8930-00575C500C61}.Debug|Any CPU.ActiveCfg = Debug|Any CPU
		{3FEFF185-4651-41C1-8930-00575C500C61}.Debug|Any CPU.Build.0 = Debug|Any CPU
		{3FEFF185-4651-41C1-8930-00575C500C61}.Debug|Any CPU.Deploy.0 = Debug|Any CPU
		{3FEFF185-4651-41C1-8930-00575C500C61}.Debug|ARM.ActiveCfg = Debug|Any CPU
		{3FEFF185-4651-41C1-8930-00575C500C61}.Debug|iPhone.ActiveCfg = Debug|Any CPU
		{3FEFF185-4651-41C1-8930-00575C500C61}.Debug|iPhoneSimulator.ActiveCfg = Debug|Any CPU
		{3FEFF185-4651-41C1-8930-00575C500C61}.Debug|Mixed Platforms.ActiveCfg = Debug|Any CPU
		{3FEFF185-4651-41C1-8930-00575C500C61}.Debug|Mixed Platforms.Build.0 = Debug|Any CPU
		{3FEFF185-4651-41C1-8930-00575C500C61}.Debug|Mixed Platforms.Deploy.0 = Debug|Any CPU
		{3FEFF185-4651-41C1-8930-00575C500C61}.Debug|x86.ActiveCfg = Debug|Any CPU
		{3FEFF185-4651-41C1-8930-00575C500C61}.Release|Any CPU.ActiveCfg = Release|Any CPU
		{3FEFF185-4651-41C1-8930-00575C500C61}.Release|Any CPU.Build.0 = Release|Any CPU
		{3FEFF185-4651-41C1-8930-00575C500C61}.Release|Any CPU.Deploy.0 = Release|Any CPU
		{3FEFF185-4651-41C1-8930-00575C500C61}.Release|ARM.ActiveCfg = Release|Any CPU
		{3FEFF185-4651-41C1-8930-00575C500C61}.Release|iPhone.ActiveCfg = Release|Any CPU
		{3FEFF185-4651-41C1-8930-00575C500C61}.Release|iPhoneSimulator.ActiveCfg = Release|Any CPU
		{3FEFF185-4651-41C1-8930-00575C500C61}.Release|Mixed Platforms.ActiveCfg = Release|Any CPU
		{3FEFF185-4651-41C1-8930-00575C500C61}.Release|Mixed Platforms.Build.0 = Release|Any CPU
		{3FEFF185-4651-41C1-8930-00575C500C61}.Release|Mixed Platforms.Deploy.0 = Release|Any CPU
		{3FEFF185-4651-41C1-8930-00575C500C61}.Release|x86.ActiveCfg = Release|Any CPU
		{9762395D-4C11-4B01-AD60-A569D9712ACB}.Ad-Hoc|Any CPU.ActiveCfg = Release|Any CPU
		{9762395D-4C11-4B01-AD60-A569D9712ACB}.Ad-Hoc|Any CPU.Build.0 = Release|Any CPU
		{9762395D-4C11-4B01-AD60-A569D9712ACB}.Ad-Hoc|ARM.ActiveCfg = Release|Any CPU
		{9762395D-4C11-4B01-AD60-A569D9712ACB}.Ad-Hoc|iPhone.ActiveCfg = Release|Any CPU
		{9762395D-4C11-4B01-AD60-A569D9712ACB}.Ad-Hoc|iPhoneSimulator.ActiveCfg = Release|Any CPU
		{9762395D-4C11-4B01-AD60-A569D9712ACB}.Ad-Hoc|Mixed Platforms.ActiveCfg = Release|Any CPU
		{9762395D-4C11-4B01-AD60-A569D9712ACB}.Ad-Hoc|Mixed Platforms.Build.0 = Release|Any CPU
		{9762395D-4C11-4B01-AD60-A569D9712ACB}.Ad-Hoc|x86.ActiveCfg = Release|Any CPU
		{9762395D-4C11-4B01-AD60-A569D9712ACB}.AppStore|Any CPU.ActiveCfg = Release|Any CPU
		{9762395D-4C11-4B01-AD60-A569D9712ACB}.AppStore|Any CPU.Build.0 = Release|Any CPU
		{9762395D-4C11-4B01-AD60-A569D9712ACB}.AppStore|ARM.ActiveCfg = Release|Any CPU
		{9762395D-4C11-4B01-AD60-A569D9712ACB}.AppStore|iPhone.ActiveCfg = Release|Any CPU
		{9762395D-4C11-4B01-AD60-A569D9712ACB}.AppStore|iPhoneSimulator.ActiveCfg = Release|Any CPU
		{9762395D-4C11-4B01-AD60-A569D9712ACB}.AppStore|Mixed Platforms.ActiveCfg = Release|Any CPU
		{9762395D-4C11-4B01-AD60-A569D9712ACB}.AppStore|Mixed Platforms.Build.0 = Release|Any CPU
		{9762395D-4C11-4B01-AD60-A569D9712ACB}.AppStore|x86.ActiveCfg = Release|Any CPU
		{9762395D-4C11-4B01-AD60-A569D9712ACB}.Debug|Any CPU.ActiveCfg = Debug|Any CPU
		{9762395D-4C11-4B01-AD60-A569D9712ACB}.Debug|Any CPU.Build.0 = Debug|Any CPU
		{9762395D-4C11-4B01-AD60-A569D9712ACB}.Debug|ARM.ActiveCfg = Debug|Any CPU
		{9762395D-4C11-4B01-AD60-A569D9712ACB}.Debug|iPhone.ActiveCfg = Debug|Any CPU
		{9762395D-4C11-4B01-AD60-A569D9712ACB}.Debug|iPhoneSimulator.ActiveCfg = Debug|Any CPU
		{9762395D-4C11-4B01-AD60-A569D9712ACB}.Debug|Mixed Platforms.ActiveCfg = Debug|Any CPU
		{9762395D-4C11-4B01-AD60-A569D9712ACB}.Debug|Mixed Platforms.Build.0 = Debug|Any CPU
		{9762395D-4C11-4B01-AD60-A569D9712ACB}.Debug|x86.ActiveCfg = Debug|Any CPU
		{9762395D-4C11-4B01-AD60-A569D9712ACB}.Release|Any CPU.ActiveCfg = Release|Any CPU
		{9762395D-4C11-4B01-AD60-A569D9712ACB}.Release|Any CPU.Build.0 = Release|Any CPU
		{9762395D-4C11-4B01-AD60-A569D9712ACB}.Release|ARM.ActiveCfg = Release|Any CPU
		{9762395D-4C11-4B01-AD60-A569D9712ACB}.Release|iPhone.ActiveCfg = Release|Any CPU
		{9762395D-4C11-4B01-AD60-A569D9712ACB}.Release|iPhoneSimulator.ActiveCfg = Release|Any CPU
		{9762395D-4C11-4B01-AD60-A569D9712ACB}.Release|Mixed Platforms.ActiveCfg = Release|Any CPU
		{9762395D-4C11-4B01-AD60-A569D9712ACB}.Release|Mixed Platforms.Build.0 = Release|Any CPU
		{9762395D-4C11-4B01-AD60-A569D9712ACB}.Release|x86.ActiveCfg = Release|Any CPU
	EndGlobalSection
	GlobalSection(SolutionProperties) = preSolution
		HideSolutionNode = FALSE
	EndGlobalSection
EndGlobal
